// !$*UTF8*$!
{
	archiveVersion = 1;
	classes = {
	};
	objectVersion = 46;
	objects = {

/* Begin PBXBuildFile section */
		11F5B56419AC1E9000F1D56A /* AppDelegate.swift in Sources */ = {isa = PBXBuildFile; fileRef = 11F5B56319AC1E9000F1D56A /* AppDelegate.swift */; };
		11F5B56619AC1E9000F1D56A /* ViewController.swift in Sources */ = {isa = PBXBuildFile; fileRef = 11F5B56519AC1E9000F1D56A /* ViewController.swift */; };
		11F5B56919AC1E9000F1D56A /* Main.storyboard in Resources */ = {isa = PBXBuildFile; fileRef = 11F5B56719AC1E9000F1D56A /* Main.storyboard */; };
		11F5B56B19AC1E9000F1D56A /* Images.xcassets in Resources */ = {isa = PBXBuildFile; fileRef = 11F5B56A19AC1E9000F1D56A /* Images.xcassets */; };
		11F5B57719AC1E9000F1D56A /* TipCalculatorTests.swift in Sources */ = {isa = PBXBuildFile; fileRef = 11F5B57619AC1E9000F1D56A /* TipCalculatorTests.swift */; };
		11F5B58119AC200E00F1D56A /* TipCalculatorModel.swift in Sources */ = {isa = PBXBuildFile; fileRef = 11F5B58019AC200E00F1D56A /* TipCalculatorModel.swift */; };
/* End PBXBuildFile section */

/* Begin PBXContainerItemProxy section */
		11F5B57119AC1E9000F1D56A /* PBXContainerItemProxy */ = {
			isa = PBXContainerItemProxy;
			containerPortal = 11F5B55619AC1E9000F1D56A /* Project object */;
			proxyType = 1;
			remoteGlobalIDString = 11F5B55D19AC1E9000F1D56A;
			remoteInfo = TipCalculator;
		};
/* End PBXContainerItemProxy section */

/* Begin PBXFileReference section */
		11F5B55E19AC1E9000F1D56A /* TipCalculator.app */ = {isa = PBXFileReference; explicitFileType = wrapper.application; includeInIndex = 0; path = TipCalculator.app; sourceTree = BUILT_PRODUCTS_DIR; };
		11F5B56219AC1E9000F1D56A /* Info.plist */ = {isa = PBXFileReference; lastKnownFileType = text.plist.xml; path = Info.plist; sourceTree = "<group>"; };
		11F5B56319AC1E9000F1D56A /* AppDelegate.swift */ = {isa = PBXFileReference; lastKnownFileType = sourcecode.swift; path = AppDelegate.swift; sourceTree = "<group>"; };
		11F5B56519AC1E9000F1D56A /* ViewController.swift */ = {isa = PBXFileReference; lastKnownFileType = sourcecode.swift; path = ViewController.swift; sourceTree = "<group>"; };
		11F5B56819AC1E9000F1D56A /* Base */ = {isa = PBXFileReference; lastKnownFileType = file.storyboard; name = Base; path = Base.lproj/Main.storyboard; sourceTree = "<group>"; };
		11F5B56A19AC1E9000F1D56A /* Images.xcassets */ = {isa = PBXFileReference; lastKnownFileType = folder.assetcatalog; path = Images.xcassets; sourceTree = "<group>"; };
		11F5B57019AC1E9000F1D56A /* TipCalculatorTests.xctest */ = {isa = PBXFileReference; explicitFileType = wrapper.cfbundle; includeInIndex = 0; path = TipCalculatorTests.xctest; sourceTree = BUILT_PRODUCTS_DIR; };
		11F5B57519AC1E9000F1D56A /* Info.plist */ = {isa = PBXFileReference; lastKnownFileType = text.plist.xml; path = Info.plist; sourceTree = "<group>"; };
		11F5B57619AC1E9000F1D56A /* TipCalculatorTests.swift */ = {isa = PBXFileReference; lastKnownFileType = sourcecode.swift; path = TipCalculatorTests.swift; sourceTree = "<group>"; };
		11F5B58019AC200E00F1D56A /* TipCalculatorModel.swift */ = {isa = PBXFileReference; fileEncoding = 4; lastKnownFileType = sourcecode.swift; path = TipCalculatorModel.swift; sourceTree = "<group>"; };
/* End PBXFileReference section */

/* Begin PBXFrameworksBuildPhase section */
		11F5B55B19AC1E9000F1D56A /* Frameworks */ = {
			isa = PBXFrameworksBuildPhase;
			buildActionMask = 2147483647;
			files = (
			);
			runOnlyForDeploymentPostprocessing = 0;
		};
		11F5B56D19AC1E9000F1D56A /* Frameworks */ = {
			isa = PBXFrameworksBuildPhase;
			buildActionMask = 2147483647;
			files = (
			);
			runOnlyForDeploymentPostprocessing = 0;
		};
/* End PBXFrameworksBuildPhase section */

/* Begin PBXGroup section */
		11F5B55519AC1E9000F1D56A = {
			isa = PBXGroup;
			children = (
				11F5B58019AC200E00F1D56A /* TipCalculatorModel.swift */,
				11F5B56019AC1E9000F1D56A /* TipCalculator */,
				11F5B57319AC1E9000F1D56A /* TipCalculatorTests */,
				11F5B55F19AC1E9000F1D56A /* Products */,
			);
			indentWidth = 2;
			sourceTree = "<group>";
			tabWidth = 2;
			usesTabs = 0;
		};
		11F5B55F19AC1E9000F1D56A /* Products */ = {
			isa = PBXGroup;
			children = (
				11F5B55E19AC1E9000F1D56A /* TipCalculator.app */,
				11F5B57019AC1E9000F1D56A /* TipCalculatorTests.xctest */,
			);
			name = Products;
			sourceTree = "<group>";
		};
		11F5B56019AC1E9000F1D56A /* TipCalculator */ = {
			isa = PBXGroup;
			children = (
				11F5B56319AC1E9000F1D56A /* AppDelegate.swift */,
				11F5B56519AC1E9000F1D56A /* ViewController.swift */,
				11F5B56719AC1E9000F1D56A /* Main.storyboard */,
				11F5B56A19AC1E9000F1D56A /* Images.xcassets */,
				11F5B56119AC1E9000F1D56A /* Supporting Files */,
			);
			path = TipCalculator;
			sourceTree = "<group>";
		};
		11F5B56119AC1E9000F1D56A /* Supporting Files */ = {
			isa = PBXGroup;
			children = (
				11F5B56219AC1E9000F1D56A /* Info.plist */,
			);
			name = "Supporting Files";
			sourceTree = "<group>";
		};
		11F5B57319AC1E9000F1D56A /* TipCalculatorTests */ = {
			isa = PBXGroup;
			children = (
				11F5B57619AC1E9000F1D56A /* TipCalculatorTests.swift */,
				11F5B57419AC1E9000F1D56A /* Supporting Files */,
			);
			path = TipCalculatorTests;
			sourceTree = "<group>";
		};
		11F5B57419AC1E9000F1D56A /* Supporting Files */ = {
			isa = PBXGroup;
			children = (
				11F5B57519AC1E9000F1D56A /* Info.plist */,
			);
			name = "Supporting Files";
			sourceTree = "<group>";
		};
/* End PBXGroup section */

/* Begin PBXNativeTarget section */
		11F5B55D19AC1E9000F1D56A /* TipCalculator */ = {
			isa = PBXNativeTarget;
			buildConfigurationList = 11F5B57A19AC1E9000F1D56A /* Build configuration list for PBXNativeTarget "TipCalculator" */;
			buildPhases = (
				11F5B55A19AC1E9000F1D56A /* Sources */,
				11F5B55B19AC1E9000F1D56A /* Frameworks */,
				11F5B55C19AC1E9000F1D56A /* Resources */,
			);
			buildRules = (
			);
			dependencies = (
			);
			name = TipCalculator;
			productName = TipCalculator;
			productReference = 11F5B55E19AC1E9000F1D56A /* TipCalculator.app */;
			productType = "com.apple.product-type.application";
		};
		11F5B56F19AC1E9000F1D56A /* TipCalculatorTests */ = {
			isa = PBXNativeTarget;
			buildConfigurationList = 11F5B57D19AC1E9000F1D56A /* Build configuration list for PBXNativeTarget "TipCalculatorTests" */;
			buildPhases = (
				11F5B56C19AC1E9000F1D56A /* Sources */,
				11F5B56D19AC1E9000F1D56A /* Frameworks */,
				11F5B56E19AC1E9000F1D56A /* Resources */,
			);
			buildRules = (
			);
			dependencies = (
				11F5B57219AC1E9000F1D56A /* PBXTargetDependency */,
			);
			name = TipCalculatorTests;
			productName = TipCalculatorTests;
			productReference = 11F5B57019AC1E9000F1D56A /* TipCalculatorTests.xctest */;
			productType = "com.apple.product-type.bundle.unit-test";
		};
/* End PBXNativeTarget section */

/* Begin PBXProject section */
		11F5B55619AC1E9000F1D56A /* Project object */ = {
			isa = PBXProject;
			attributes = {
				LastUpgradeCheck = 0600;
				ORGANIZATIONNAME = "Jonathan Porta";
				TargetAttributes = {
					11F5B55D19AC1E9000F1D56A = {
						CreatedOnToolsVersion = 6.0;
					};
					11F5B56F19AC1E9000F1D56A = {
						CreatedOnToolsVersion = 6.0;
						TestTargetID = 11F5B55D19AC1E9000F1D56A;
					};
				};
			};
			buildConfigurationList = 11F5B55919AC1E9000F1D56A /* Build configuration list for PBXProject "TipCalculator" */;
			compatibilityVersion = "Xcode 3.2";
			developmentRegion = English;
			hasScannedForEncodings = 0;
			knownRegions = (
				en,
				Base,
			);
			mainGroup = 11F5B55519AC1E9000F1D56A;
			productRefGroup = 11F5B55F19AC1E9000F1D56A /* Products */;
			projectDirPath = "";
			projectRoot = "";
			targets = (
				11F5B55D19AC1E9000F1D56A /* TipCalculator */,
				11F5B56F19AC1E9000F1D56A /* TipCalculatorTests */,
			);
		};
/* End PBXProject section */

/* Begin PBXResourcesBuildPhase section */
		11F5B55C19AC1E9000F1D56A /* Resources */ = {
			isa = PBXResourcesBuildPhase;
			buildActionMask = 2147483647;
			files = (
				11F5B56919AC1E9000F1D56A /* Main.storyboard in Resources */,
				11F5B56B19AC1E9000F1D56A /* Images.xcassets in Resources */,
			);
			runOnlyForDeploymentPostprocessing = 0;
		};
		11F5B56E19AC1E9000F1D56A /* Resources */ = {
			isa = PBXResourcesBuildPhase;
			buildActionMask = 2147483647;
			files = (
			);
			runOnlyForDeploymentPostprocessing = 0;
		};
/* End PBXResourcesBuildPhase section */

/* Begin PBXSourcesBuildPhase section */
		11F5B55A19AC1E9000F1D56A /* Sources */ = {
			isa = PBXSourcesBuildPhase;
			buildActionMask = 2147483647;
			files = (
				11F5B58119AC200E00F1D56A /* TipCalculatorModel.swift in Sources */,
				11F5B56619AC1E9000F1D56A /* ViewController.swift in Sources */,
				11F5B56419AC1E9000F1D56A /* AppDelegate.swift in Sources */,
			);
			runOnlyForDeploymentPostprocessing = 0;
		};
		11F5B56C19AC1E9000F1D56A /* Sources */ = {
			isa = PBXSourcesBuildPhase;
			buildActionMask = 2147483647;
			files = (
				11F5B57719AC1E9000F1D56A /* TipCalculatorTests.swift in Sources */,
			);
			runOnlyForDeploymentPostprocessing = 0;
		};
/* End PBXSourcesBuildPhase section */

/* Begin PBXTargetDependency section */
		11F5B57219AC1E9000F1D56A /* PBXTargetDependency */ = {
			isa = PBXTargetDependency;
			target = 11F5B55D19AC1E9000F1D56A /* TipCalculator */;
			targetProxy = 11F5B57119AC1E9000F1D56A /* PBXContainerItemProxy */;
		};
/* End PBXTargetDependency section */

/* Begin PBXVariantGroup section */
		11F5B56719AC1E9000F1D56A /* Main.storyboard */ = {
			isa = PBXVariantGroup;
			children = (
				11F5B56819AC1E9000F1D56A /* Base */,
			);
			name = Main.storyboard;
			sourceTree = "<group>";
		};
/* End PBXVariantGroup section */

/* Begin XCBuildConfiguration section */
		11F5B57819AC1E9000F1D56A /* Debug */ = {
			isa = XCBuildConfiguration;
			buildSettings = {
				ALWAYS_SEARCH_USER_PATHS = NO;
				CLANG_CXX_LANGUAGE_STANDARD = "gnu++0x";
				CLANG_CXX_LIBRARY = "libc++";
				CLANG_ENABLE_MODULES = YES;
				CLANG_ENABLE_OBJC_ARC = YES;
				CLANG_WARN_BOOL_CONVERSION = YES;
				CLANG_WARN_CONSTANT_CONVERSION = YES;
				CLANG_WARN_DIRECT_OBJC_ISA_USAGE = YES_ERROR;
				CLANG_WARN_EMPTY_BODY = YES;
				CLANG_WARN_ENUM_CONVERSION = YES;
				CLANG_WARN_INT_CONVERSION = YES;
				CLANG_WARN_OBJC_ROOT_CLASS = YES_ERROR;
				CLANG_WARN_UNREACHABLE_CODE = YES;
				CLANG_WARN__DUPLICATE_METHOD_MATCH = YES;
				"CODE_SIGN_IDENTITY[sdk=iphoneos*]" = "iPhone Developer";
				COPY_PHASE_STRIP = NO;
				ENABLE_STRICT_OBJC_MSGSEND = YES;
				GCC_C_LANGUAGE_STANDARD = gnu99;
				GCC_DYNAMIC_NO_PIC = NO;
				GCC_OPTIMIZATION_LEVEL = 0;
				GCC_PREPROCESSOR_DEFINITIONS = (
					"DEBUG=1",
					"$(inherited)",
				);
				GCC_SYMBOLS_PRIVATE_EXTERN = NO;
				GCC_WARN_64_TO_32_BIT_CONVERSION = YES;
				GCC_WARN_ABOUT_RETURN_TYPE = YES_ERROR;
				GCC_WARN_UNDECLARED_SELECTOR = YES;
				GCC_WARN_UNINITIALIZED_AUTOS = YES_AGGRESSIVE;
				GCC_WARN_UNUSED_FUNCTION = YES;
				GCC_WARN_UNUSED_VARIABLE = YES;
				IPHONEOS_DEPLOYMENT_TARGET = 8.0;
				METAL_ENABLE_DEBUG_INFO = YES;
				ONLY_ACTIVE_ARCH = YES;
				SDKROOT = iphoneos;
				SWIFT_OPTIMIZATION_LEVEL = "-Onone";
				TARGETED_DEVICE_FAMILY = "1,2";
			};
			name = Debug;
		};
		11F5B57919AC1E9000F1D56A /* Release */ = {
			isa = XCBuildConfiguration;
			buildSettings = {
				ALWAYS_SEARCH_USER_PATHS = NO;
				CLANG_CXX_LANGUAGE_STANDARD = "gnu++0x";
				CLANG_CXX_LIBRARY = "libc++";
				CLANG_ENABLE_MODULES = YES;
				CLANG_ENABLE_OBJC_ARC = YES;
				CLANG_WARN_BOOL_CONVERSION = YES;
				CLANG_WARN_CONSTANT_CONVERSION = YES;
				CLANG_WARN_DIRECT_OBJC_ISA_USAGE = YES_ERROR;
				CLANG_WARN_EMPTY_BODY = YES;
				CLANG_WARN_ENUM_CONVERSION = YES;
				CLANG_WARN_INT_CONVERSION = YES;
				CLANG_WARN_OBJC_ROOT_CLASS = YES_ERROR;
				CLANG_WARN_UNREACHABLE_CODE = YES;
				CLANG_WARN__DUPLICATE_METHOD_MATCH = YES;
				"CODE_SIGN_IDENTITY[sdk=iphoneos*]" = "iPhone Developer";
				COPY_PHASE_STRIP = YES;
				ENABLE_NS_ASSERTIONS = NO;
				ENABLE_STRICT_OBJC_MSGSEND = YES;
				GCC_C_LANGUAGE_STANDARD = gnu99;
				GCC_WARN_64_TO_32_BIT_CONVERSION = YES;
				GCC_WARN_ABOUT_RETURN_TYPE = YES_ERROR;
				GCC_WARN_UNDECLARED_SELECTOR = YES;
				GCC_WARN_UNINITIALIZED_AUTOS = YES_AGGRESSIVE;
				GCC_WARN_UNUSED_FUNCTION = YES;
				GCC_WARN_UNUSED_VARIABLE = YES;
				IPHONEOS_DEPLOYMENT_TARGET = 8.0;
				METAL_ENABLE_DEBUG_INFO = NO;
				SDKROOT = iphoneos;
				TARGETED_DEVICE_FAMILY = "1,2";
				VALIDATE_PRODUCT = YES;
			};
			name = Release;
		};
		11F5B57B19AC1E9000F1D56A /* Debug */ = {
			isa = XCBuildConfiguration;
			buildSettings = {
				ASSETCATALOG_COMPILER_APPICON_NAME = AppIcon;
				ASSETCATALOG_COMPILER_LAUNCHIMAGE_NAME = LaunchImage;
				INFOPLIST_FILE = TipCalculator/Info.plist;
				IPHONEOS_DEPLOYMENT_TARGET = 7.0;
				LD_RUNPATH_SEARCH_PATHS = "$(inherited) @executable_path/Frameworks";
				PRODUCT_NAME = "$(TARGET_NAME)";
				TARGETED_DEVICE_FAMILY = 1;
			};
			name = Debug;
		};
		11F5B57C19AC1E9000F1D56A /* Release */ = {
			isa = XCBuildConfiguration;
			buildSettings = {
				ASSETCATALOG_COMPILER_APPICON_NAME = AppIcon;
				ASSETCATALOG_COMPILER_LAUNCHIMAGE_NAME = LaunchImage;
				INFOPLIST_FILE = TipCalculator/Info.plist;
				IPHONEOS_DEPLOYMENT_TARGET = 7.0;
				LD_RUNPATH_SEARCH_PATHS = "$(inherited) @executable_path/Frameworks";
				PRODUCT_NAME = "$(TARGET_NAME)";
				TARGETED_DEVICE_FAMILY = 1;
			};
			name = Release;
		};
		11F5B57E19AC1E9000F1D56A /* Debug */ = {
			isa = XCBuildConfiguration;
			buildSettings = {
				BUNDLE_LOADER = "$(BUILT_PRODUCTS_DIR)/TipCalculator.app/TipCalculator";
				FRAMEWORK_SEARCH_PATHS = (
					"$(SDKROOT)/Developer/Library/Frameworks",
					"$(inherited)",
				);
				GCC_PREPROCESSOR_DEFINITIONS = (
					"DEBUG=1",
					"$(inherited)",
				);
				INFOPLIST_FILE = TipCalculatorTests/Info.plist;
				LD_RUNPATH_SEARCH_PATHS = "$(inherited) @executable_path/Frameworks @loader_path/Frameworks";
				METAL_ENABLE_DEBUG_INFO = YES;
				PRODUCT_NAME = "$(TARGET_NAME)";
				TEST_HOST = "$(BUNDLE_LOADER)";
			};
			name = Debug;
		};
		11F5B57F19AC1E9000F1D56A /* Release */ = {
			isa = XCBuildConfiguration;
			buildSettings = {
				BUNDLE_LOADER = "$(BUILT_PRODUCTS_DIR)/TipCalculator.app/TipCalculator";
				FRAMEWORK_SEARCH_PATHS = (
					"$(SDKROOT)/Developer/Library/Frameworks",
					"$(inherited)",
				);
				INFOPLIST_FILE = TipCalculatorTests/Info.plist;
				LD_RUNPATH_SEARCH_PATHS = "$(inherited) @executable_path/Frameworks @loader_path/Frameworks";
				METAL_ENABLE_DEBUG_INFO = NO;
				PRODUCT_NAME = "$(TARGET_NAME)";
				TEST_HOST = "$(BUNDLE_LOADER)";
			};
			name = Release;
		};
/* End XCBuildConfiguration section */

/* Begin XCConfigurationList section */
		11F5B55919AC1E9000F1D56A /* Build configuration list for PBXProject "TipCalculator" */ = {
			isa = XCConfigurationList;
			buildConfigurations = (
				11F5B57819AC1E9000F1D56A /* Debug */,
				11F5B57919AC1E9000F1D56A /* Release */,
			);
			defaultConfigurationIsVisible = 0;
			defaultConfigurationName = Release;
		};
		11F5B57A19AC1E9000F1D56A /* Build configuration list for PBXNativeTarget "TipCalculator" */ = {
			isa = XCConfigurationList;
			buildConfigurations = (
				11F5B57B19AC1E9000F1D56A /* Debug */,
				11F5B57C19AC1E9000F1D56A /* Release */,
			);
			defaultConfigurationIsVisible = 0;
		};
		11F5B57D19AC1E9000F1D56A /* Build configuration list for PBXNativeTarget "TipCalculatorTests" */ = {
			isa = XCConfigurationList;
			buildConfigurations = (
				11F5B57E19AC1E9000F1D56A /* Debug */,
				11F5B57F19AC1E9000F1D56A /* Release */,
			);
			defaultConfigurationIsVisible = 0;
		};
/* End XCConfigurationList section */
	};
	rootObject = 11F5B55619AC1E9000F1D56A /* Project object */;
}
